
Microsoft Visual Studio Solution File, Format Version 12.00
# Visual Studio Version 17
VisualStudioVersion = 17.4.32912.340
MinimumVisualStudioVersion = 10.0.40219.1
Project("{FAE04EC0-301F-11D3-BF4B-00C04F79EFBC}") = "Filmovi", "Filmovi\Filmovi.csproj", "{EBCA11CC-B5F4-4EF5-9B6C-3C0A58D6B865}"
EndProject
Project("{FAE04EC0-301F-11D3-BF4B-00C04F79EFBC}") = "Common", "Common\Common.csproj", "{D8482BA5-F772-454A-9FF8-91358871D6F1}"
EndProject
Global
	GlobalSection(SolutionConfigurationPlatforms) = preSolution
		Debug|Any CPU = Debug|Any CPU
		Release|Any CPU = Release|Any CPU
	EndGlobalSection
	GlobalSection(ProjectConfigurationPlatforms) = postSolution
		{EBCA11CC-B5F4-4EF5-9B6C-3C0A58D6B865}.Debug|Any CPU.ActiveCfg = Debug|Any CPU
		{EBCA11CC-B5F4-4EF5-9B6C-3C0A58D6B865}.Debug|Any CPU.Build.0 = Debug|Any CPU
		{EBCA11CC-B5F4-4EF5-9B6C-3C0A58D6B865}.Release|Any CPU.ActiveCfg = Release|Any CPU
		{EBCA11CC-B5F4-4EF5-9B6C-3C0A58D6B865}.Release|Any CPU.Build.0 = Release|Any CPU
		{D8482BA5-F772-454A-9FF8-91358871D6F1}.Debug|Any CPU.ActiveCfg = Debug|Any CPU
		{D8482BA5-F772-454A-9FF8-91358871D6F1}.Debug|Any CPU.Build.0 = Debug|Any CPU
		{D8482BA5-F772-454A-9FF8-91358871D6F1}.Release|Any CPU.ActiveCfg = Release|Any CPU
		{D8482BA5-F772-454A-9FF8-91358871D6F1}.Release|Any CPU.Build.0 = Release|Any CPU
	EndGlobalSection
	GlobalSection(SolutionProperties) = preSolution
		HideSolutionNode = FALSE
	EndGlobalSection
	GlobalSection(ExtensibilityGlobals) = postSolution
		SolutionGuid = {9DA3AB5A-41C2-4581-9BD2-2FF7F04F79EF}
	EndGlobalSection
EndGlobal
